{
  "name": "bril",
  "version": "1.0.0",
  "lockfileVersion": 1,
  "requires": true,
  "dependencies": {
    "@types/argparse": {
      "version": "1.0.36",
      "resolved": "https://registry.npmjs.org/@types/argparse/-/argparse-1.0.36.tgz",
      "integrity": "sha512-3+i1qzPwyNjbJeiZuJQuETdAe7kWsbI+Vrpj8kbdqAEsXaBDxHPEPg6tXGeDEP0DDPrOnvyFJjm6XNOoK6685w=="
    },
    "@types/node": {
      "version": "11.13.20",
      "resolved": "https://registry.npmjs.org/@types/node/-/node-11.13.20.tgz",
      "integrity": "sha512-JE0UpLWZTV1sGcaj0hN+Q0760OEjpgyFJ06DOMVW6qKBducKdJQaIw0TGL6ccj7VXRduIOHLWQi+tHwulZJHVQ=="
    },
    "argparse": {
      "version": "1.0.10",
      "resolved": "https://registry.npmjs.org/argparse/-/argparse-1.0.10.tgz",
      "integrity": "sha512-o5Roy6tNG4SL/FOkCAN6RzjiakZS25RLYFrcMttJqbdd8BWrnA+fGz57iN5Pb06pvBGvl5gQ0B48dJlslXvoTg==",
      "requires": {
        "sprintf-js": "~1.0.2"
      }
    },
    "hamt_plus": {
      "version": "1.0.2",
      "resolved": "https://registry.npmjs.org/hamt_plus/-/hamt_plus-1.0.2.tgz",
      "integrity": "sha1-4hwlKWjH4zsg9qGwlM2FeHomVgE="
    },
    "list": {
      "version": "2.0.18",
      "resolved": "https://registry.npmjs.org/list/-/list-2.0.18.tgz",
      "integrity": "sha512-yggUtu2zHYKaamBmg8IqXSTJfmeNBEbwY2ODNoXi+Uuu/s7z5vPnp3aQJfEj860BZQR6pfByTIRvAhYFCGCa2A=="
    },
    "prelude-ts": {
      "version": "0.8.3",
      "resolved": "https://registry.npmjs.org/prelude-ts/-/prelude-ts-0.8.3.tgz",
      "integrity": "sha512-fXaX4AGJM5KUab6EAZMpPYHKPUAusbI0KglBvI18a6nL1YHVy8SPucmTSxnrXhL3YyLXX4Nxf8HCUEnXs5Rbow==",
      "requires": {
        "hamt_plus": "1.0.2",
        "list": "2.0.18"
      }
    },
    "sprintf-js": {
      "version": "1.0.3",
      "resolved": "https://registry.npmjs.org/sprintf-js/-/sprintf-js-1.0.3.tgz",
      "integrity": "sha1-BOaSb2YolTVPPdAVIDYzuFcpfiw="
    },
    "typescript": {
      "version": "3.6.2",
      "resolved": "https://registry.npmjs.org/typescript/-/typescript-3.6.2.tgz",
      "integrity": "sha512-lmQ4L+J6mnu3xweP8+rOrUwzmN+MRAj7TgtJtDaXE5PMyX2kCrklhg3rvOsOIfNeAWMQWO2F1GPc1kMD2vLAfw=="
    }
  }
}
